<Solution>
  <Folder Name="/src/">
    <Project Path="HotelManagement.API/HotelManagement.API.csproj" />
    <Project Path="HotelManagement.BLL/HotelManagement.BLL.csproj" />
    <Project Path="HotelManagement.Repository/HotelManagement.Repository.csproj" />
    <Project Path="HotelManagement.DAL/HotelManagement.DAL.csproj" />
  </Folder>
</Solution>
